
Microsoft Visual Studio Solution File, Format Version 12.00
# Visual Studio Version 16
VisualStudioVersion = 16.0.29709.97
MinimumVisualStudioVersion = 10.0.40219.1
Project("{FAE04EC0-301F-11D3-BF4B-00C04F79EFBC}") = "Quiz1-NickIlkic", "Quiz1-NickIlkic\Quiz1-NickIlkic.csproj", "{1F9225BD-70AE-4EE2-9081-96DD44233236}"
EndProject
Global
	GlobalSection(SolutionConfigurationPlatforms) = preSolution
		Debug|Any CPU = Debug|Any CPU
		Release|Any CPU = Release|Any CPU
	EndGlobalSection
	GlobalSection(ProjectConfigurationPlatforms) = postSolution
		{1F9225BD-70AE-4EE2-9081-96DD44233236}.Debug|Any CPU.ActiveCfg = Debug|Any CPU
		{1F9225BD-70AE-4EE2-9081-96DD44233236}.Debug|Any CPU.Build.0 = Debug|Any CPU
		{1F9225BD-70AE-4EE2-9081-96DD44233236}.Release|Any CPU.ActiveCfg = Release|Any CPU
		{1F9225BD-70AE-4EE2-9081-96DD44233236}.Release|Any CPU.Build.0 = Release|Any CPU
	EndGlobalSection
	GlobalSection(SolutionProperties) = preSolution
		HideSolutionNode = FALSE
	EndGlobalSection
	GlobalSection(ExtensibilityGlobals) = postSolution
		SolutionGuid = {7FBB5CBC-299B-48B4-9344-F419CDD480BC}
	EndGlobalSection
EndGlobal
